
Microsoft Visual Studio Solution File, Format Version 12.00
# Visual Studio Version 16
VisualStudioVersion = 16.0.30907.101
MinimumVisualStudioVersion = 10.0.40219.1
Project("{FAE04EC0-301F-11D3-BF4B-00C04F79EFBC}") = "Web Task Manager", "Web Task Manager\Web Task Manager.csproj", "{07A25EEB-1299-4A7E-B339-4A2F3364C3AA}"
EndProject
Global
	GlobalSection(SolutionConfigurationPlatforms) = preSolution
		Debug|Any CPU = Debug|Any CPU
		Release|Any CPU = Release|Any CPU
	EndGlobalSection
	GlobalSection(ProjectConfigurationPlatforms) = postSolution
		{07A25EEB-1299-4A7E-B339-4A2F3364C3AA}.Debug|Any CPU.ActiveCfg = Debug|Any CPU
		{07A25EEB-1299-4A7E-B339-4A2F3364C3AA}.Debug|Any CPU.Build.0 = Debug|Any CPU
		{07A25EEB-1299-4A7E-B339-4A2F3364C3AA}.Release|Any CPU.ActiveCfg = Release|Any CPU
		{07A25EEB-1299-4A7E-B339-4A2F3364C3AA}.Release|Any CPU.Build.0 = Release|Any CPU
	EndGlobalSection
	GlobalSection(SolutionProperties) = preSolution
		HideSolutionNode = FALSE
	EndGlobalSection
	GlobalSection(ExtensibilityGlobals) = postSolution
		SolutionGuid = {67903472-4C93-49FD-A663-AB64FB61456D}
	EndGlobalSection
EndGlobal
